
Microsoft Visual Studio Solution File, Format Version 12.00
# Visual Studio Version 17
VisualStudioVersion = 17.3.32825.248
MinimumVisualStudioVersion = 10.0.40219.1
Project("{FAE04EC0-301F-11D3-BF4B-00C04F79EFBC}") = "prj5", "prj5.csproj", "{2B1F52D6-C3A8-41C6-9F87-F26A81F9524D}"
EndProject
Global
	GlobalSection(SolutionConfigurationPlatforms) = preSolution
		Debug|Any CPU = Debug|Any CPU
		Release|Any CPU = Release|Any CPU
	EndGlobalSection
	GlobalSection(ProjectConfigurationPlatforms) = postSolution
		{2B1F52D6-C3A8-41C6-9F87-F26A81F9524D}.Debug|Any CPU.ActiveCfg = Debug|Any CPU
		{2B1F52D6-C3A8-41C6-9F87-F26A81F9524D}.Debug|Any CPU.Build.0 = Debug|Any CPU
		{2B1F52D6-C3A8-41C6-9F87-F26A81F9524D}.Release|Any CPU.ActiveCfg = Release|Any CPU
		{2B1F52D6-C3A8-41C6-9F87-F26A81F9524D}.Release|Any CPU.Build.0 = Release|Any CPU
	EndGlobalSection
	GlobalSection(SolutionProperties) = preSolution
		HideSolutionNode = FALSE
	EndGlobalSection
	GlobalSection(ExtensibilityGlobals) = postSolution
		SolutionGuid = {671B707A-F888-42B4-B8C2-C1D81D534028}
	EndGlobalSection
EndGlobal
